
Microsoft Visual Studio Solution File, Format Version 12.00
# Visual Studio Version 17
VisualStudioVersion = 17.0.31808.319
MinimumVisualStudioVersion = 10.0.40219.1
Project("{9A19103F-16F7-4668-BE54-9A1E7A4F7556}") = "HomeWork", "HomeWork\HomeWork.csproj", "{BA732557-F28D-4289-8B68-D415778E0DE4}"
EndProject
Project("{9A19103F-16F7-4668-BE54-9A1E7A4F7556}") = "LinkedList", "LinkedList\LinkedList.csproj", "{6F220660-958B-4CC7-A767-872A20A53B35}"
EndProject
Project("{9A19103F-16F7-4668-BE54-9A1E7A4F7556}") = "AsyncExample", "AsyncExample\AsyncExample.csproj", "{585B3842-0855-4D10-9D32-5B17953BB43E}"
EndProject
Project("{9A19103F-16F7-4668-BE54-9A1E7A4F7556}") = "PolishExpressions", "PolishExpressions\PolishExpressions.csproj", "{D6DF5438-F56E-4A8A-AFC9-9D30B93B631D}"
EndProject
Project("{9A19103F-16F7-4668-BE54-9A1E7A4F7556}") = "Algorithms", "Algorithms\Algorithms.csproj", "{B2C22331-FD4F-4EA4-9482-619F8D6199F5}"
EndProject
Project("{9A19103F-16F7-4668-BE54-9A1E7A4F7556}") = "Recursions", "Recursions\Recursions.csproj", "{FCB20D4A-A323-4B84-A52E-DB8298846F5D}"
EndProject
Project("{FAE04EC0-301F-11D3-BF4B-00C04F79EFBC}") = "Tree", "Tree\Tree.csproj", "{0F7DFF97-C4B8-4170-8065-4B090887F629}"
EndProject
Global
	GlobalSection(SolutionConfigurationPlatforms) = preSolution
		Debug|Any CPU = Debug|Any CPU
		Release|Any CPU = Release|Any CPU
	EndGlobalSection
	GlobalSection(ProjectConfigurationPlatforms) = postSolution
		{BA732557-F28D-4289-8B68-D415778E0DE4}.Debug|Any CPU.ActiveCfg = Debug|Any CPU
		{BA732557-F28D-4289-8B68-D415778E0DE4}.Debug|Any CPU.Build.0 = Debug|Any CPU
		{BA732557-F28D-4289-8B68-D415778E0DE4}.Release|Any CPU.ActiveCfg = Release|Any CPU
		{BA732557-F28D-4289-8B68-D415778E0DE4}.Release|Any CPU.Build.0 = Release|Any CPU
		{6F220660-958B-4CC7-A767-872A20A53B35}.Debug|Any CPU.ActiveCfg = Debug|Any CPU
		{6F220660-958B-4CC7-A767-872A20A53B35}.Debug|Any CPU.Build.0 = Debug|Any CPU
		{6F220660-958B-4CC7-A767-872A20A53B35}.Release|Any CPU.ActiveCfg = Release|Any CPU
		{6F220660-958B-4CC7-A767-872A20A53B35}.Release|Any CPU.Build.0 = Release|Any CPU
		{585B3842-0855-4D10-9D32-5B17953BB43E}.Debug|Any CPU.ActiveCfg = Debug|Any CPU
		{585B3842-0855-4D10-9D32-5B17953BB43E}.Debug|Any CPU.Build.0 = Debug|Any CPU
		{585B3842-0855-4D10-9D32-5B17953BB43E}.Release|Any CPU.ActiveCfg = Release|Any CPU
		{585B3842-0855-4D10-9D32-5B17953BB43E}.Release|Any CPU.Build.0 = Release|Any CPU
		{D6DF5438-F56E-4A8A-AFC9-9D30B93B631D}.Debug|Any CPU.ActiveCfg = Debug|Any CPU
		{D6DF5438-F56E-4A8A-AFC9-9D30B93B631D}.Debug|Any CPU.Build.0 = Debug|Any CPU
		{D6DF5438-F56E-4A8A-AFC9-9D30B93B631D}.Release|Any CPU.ActiveCfg = Release|Any CPU
		{D6DF5438-F56E-4A8A-AFC9-9D30B93B631D}.Release|Any CPU.Build.0 = Release|Any CPU
		{B2C22331-FD4F-4EA4-9482-619F8D6199F5}.Debug|Any CPU.ActiveCfg = Debug|Any CPU
		{B2C22331-FD4F-4EA4-9482-619F8D6199F5}.Debug|Any CPU.Build.0 = Debug|Any CPU
		{B2C22331-FD4F-4EA4-9482-619F8D6199F5}.Release|Any CPU.ActiveCfg = Release|Any CPU
		{B2C22331-FD4F-4EA4-9482-619F8D6199F5}.Release|Any CPU.Build.0 = Release|Any CPU
		{FCB20D4A-A323-4B84-A52E-DB8298846F5D}.Debug|Any CPU.ActiveCfg = Debug|Any CPU
		{FCB20D4A-A323-4B84-A52E-DB8298846F5D}.Debug|Any CPU.Build.0 = Debug|Any CPU
		{FCB20D4A-A323-4B84-A52E-DB8298846F5D}.Release|Any CPU.ActiveCfg = Release|Any CPU
		{FCB20D4A-A323-4B84-A52E-DB8298846F5D}.Release|Any CPU.Build.0 = Release|Any CPU
		{0F7DFF97-C4B8-4170-8065-4B090887F629}.Debug|Any CPU.ActiveCfg = Debug|Any CPU
		{0F7DFF97-C4B8-4170-8065-4B090887F629}.Debug|Any CPU.Build.0 = Debug|Any CPU
		{0F7DFF97-C4B8-4170-8065-4B090887F629}.Release|Any CPU.ActiveCfg = Release|Any CPU
		{0F7DFF97-C4B8-4170-8065-4B090887F629}.Release|Any CPU.Build.0 = Release|Any CPU
	EndGlobalSection
	GlobalSection(SolutionProperties) = preSolution
		HideSolutionNode = FALSE
	EndGlobalSection
	GlobalSection(ExtensibilityGlobals) = postSolution
		SolutionGuid = {A061BD2E-108D-497C-AB89-FE764E94F866}
	EndGlobalSection
EndGlobal
